
Microsoft Visual Studio Solution File, Format Version 12.00
# Visual Studio 15
VisualStudioVersion = 15.0.26730.16
MinimumVisualStudioVersion = 10.0.40219.1
Project("{FAE04EC0-301F-11D3-BF4B-00C04F79EFBC}") = "QbusCLI", "QbusCLI\QbusCLI.csproj", "{A7657F93-268A-4933-938F-FF42FC3B7B43}"
EndProject
Global
	GlobalSection(SolutionConfigurationPlatforms) = preSolution
		Debug|Any CPU = Debug|Any CPU
		Release|Any CPU = Release|Any CPU
	EndGlobalSection
	GlobalSection(ProjectConfigurationPlatforms) = postSolution
		{A7657F93-268A-4933-938F-FF42FC3B7B43}.Debug|Any CPU.ActiveCfg = Debug|Any CPU
		{A7657F93-268A-4933-938F-FF42FC3B7B43}.Debug|Any CPU.Build.0 = Debug|Any CPU
		{A7657F93-268A-4933-938F-FF42FC3B7B43}.Release|Any CPU.ActiveCfg = Release|Any CPU
		{A7657F93-268A-4933-938F-FF42FC3B7B43}.Release|Any CPU.Build.0 = Release|Any CPU
	EndGlobalSection
	GlobalSection(SolutionProperties) = preSolution
		HideSolutionNode = FALSE
	EndGlobalSection
	GlobalSection(ExtensibilityGlobals) = postSolution
		SolutionGuid = {F571CD3E-948B-4C2D-827F-7DC3392A61F9}
	EndGlobalSection
EndGlobal
